
Microsoft Visual Studio Solution File, Format Version 12.00
# Visual Studio Version 17
VisualStudioVersion = 17.1.32210.238
MinimumVisualStudioVersion = 10.0.40219.1
Project("{FAE04EC0-301F-11D3-BF4B-00C04F79EFBC}") = "MetroApp", "MetroApp\MetroApp.csproj", "{FB794545-9FAB-486B-9F1A-665544DAA189}"
EndProject
Global
	GlobalSection(SolutionConfigurationPlatforms) = preSolution
		Debug|Any CPU = Debug|Any CPU
		Release|Any CPU = Release|Any CPU
	EndGlobalSection
	GlobalSection(ProjectConfigurationPlatforms) = postSolution
		{FB794545-9FAB-486B-9F1A-665544DAA189}.Debug|Any CPU.ActiveCfg = Debug|Any CPU
		{FB794545-9FAB-486B-9F1A-665544DAA189}.Debug|Any CPU.Build.0 = Debug|Any CPU
		{FB794545-9FAB-486B-9F1A-665544DAA189}.Release|Any CPU.ActiveCfg = Release|Any CPU
		{FB794545-9FAB-486B-9F1A-665544DAA189}.Release|Any CPU.Build.0 = Release|Any CPU
	EndGlobalSection
	GlobalSection(SolutionProperties) = preSolution
		HideSolutionNode = FALSE
	EndGlobalSection
	GlobalSection(ExtensibilityGlobals) = postSolution
		SolutionGuid = {31BABB00-8DFC-48A1-8A5B-2D96241B421B}
	EndGlobalSection
EndGlobal
